
Microsoft Visual Studio Solution File, Format Version 12.00
# Visual Studio Version 17
VisualStudioVersion = 17.0.31903.59
MinimumVisualStudioVersion = 10.0.40219.1
Project("{9A19103F-16F7-4668-BE54-9A1E7A4F7556}") = "Employees.Api", "Employees.Api\Employees.Api.csproj", "{D2C81057-4384-417D-95CC-443F960F28D0}"
EndProject
Project("{FAE04EC0-301F-11D3-BF4B-00C04F79EFBC}") = "Employees.Api.Test", "Employees.Api.Test\Employees.Api.Test.csproj", "{AE10CA87-657C-4ADD-831C-0F2F1A9B3AE1}"
EndProject
Global
	GlobalSection(SolutionConfigurationPlatforms) = preSolution
		Debug|Any CPU = Debug|Any CPU
		Release|Any CPU = Release|Any CPU
	EndGlobalSection
	GlobalSection(ProjectConfigurationPlatforms) = postSolution
		{D2C81057-4384-417D-95CC-443F960F28D0}.Debug|Any CPU.ActiveCfg = Debug|Any CPU
		{D2C81057-4384-417D-95CC-443F960F28D0}.Debug|Any CPU.Build.0 = Debug|Any CPU
		{D2C81057-4384-417D-95CC-443F960F28D0}.Release|Any CPU.ActiveCfg = Release|Any CPU
		{D2C81057-4384-417D-95CC-443F960F28D0}.Release|Any CPU.Build.0 = Release|Any CPU
		{AE10CA87-657C-4ADD-831C-0F2F1A9B3AE1}.Debug|Any CPU.ActiveCfg = Debug|Any CPU
		{AE10CA87-657C-4ADD-831C-0F2F1A9B3AE1}.Debug|Any CPU.Build.0 = Debug|Any CPU
		{AE10CA87-657C-4ADD-831C-0F2F1A9B3AE1}.Release|Any CPU.ActiveCfg = Release|Any CPU
		{AE10CA87-657C-4ADD-831C-0F2F1A9B3AE1}.Release|Any CPU.Build.0 = Release|Any CPU
	EndGlobalSection
	GlobalSection(SolutionProperties) = preSolution
		HideSolutionNode = FALSE
	EndGlobalSection
	GlobalSection(ExtensibilityGlobals) = postSolution
		SolutionGuid = {31E0A2C8-A18D-48C3-B3A0-C230C5055534}
	EndGlobalSection
EndGlobal
